{
  "lockfile_version": "1",
  "packages": {
    "bash@5.2p26": {
      "last_modified": "2024-08-13T00:39:45Z",
      "resolved": "github:NixOS/nixpkgs/60dfaff009e440faefbaeb20d8dda3239ba4a439#bash",
      "source": "devbox-search",
      "version": "5.2p26",
      "systems": {
        "aarch64-darwin": {
          "outputs": [
            {
              "name": "out",
              "path": "/nix/store/fyjay93q3dq2hx3dhx7zhr8kyjnkh9m8-bash-5.2p26",
              "default": true
            },
            {
              "name": "man",
              "path": "/nix/store/nyrqdarkxlm58a672kbcim70p3bgvm8c-bash-5.2p26-man",
              "default": true
            },
            {
              "name": "dev",
              "path": "/nix/store/3zv5d18sigiq4c9qrf8yf7phmhsbglcr-bash-5.2p26-dev"
            },
            {
              "name": "doc",
              "path": "/nix/store/p0mg8vfrf8s5kwsni4sb7vafccy64454-bash-5.2p26-doc"
            },
            {
              "name": "info",
              "path": "/nix/store/sy4pv74r5g2hl8yxsq7prh9g932986zf-bash-5.2p26-info"
            }
          ],
          "store_path": "/nix/store/fyjay93q3dq2hx3dhx7zhr8kyjnkh9m8-bash-5.2p26"
        },
        "aarch64-linux": {
          "outputs": [
            {
              "name": "out",
              "path": "/nix/store/mmhpq6dhbhs5a3nwk4qw80varw8xzrwl-bash-5.2p26",
              "default": true
            },
            {
              "name": "man",
              "path": "/nix/store/yp62aqppsd5asmkcdy4nqki7r21lr3l4-bash-5.2p26-man",
              "default": true
            },
            {
              "name": "debug",
              "path": "/nix/store/s395y9p0mf64p1lb2q2vj6ryhsidcfwc-bash-5.2p26-debug"
            },
            {
              "name": "dev",
              "path": "/nix/store/xkfnwsm1mvlwfh9lsh6akzyxicv1f2l3-bash-5.2p26-dev"
            },
            {
              "name": "doc",
              "path": "/nix/store/jzlkkr97a3h5fvckmx9sv5dsinyr5yli-bash-5.2p26-doc"
            },
            {
              "name": "info",
              "path": "/nix/store/s3sghxc44l57gian9dkg1mlk6gz16d4s-bash-5.2p26-info"
            }
          ],
          "store_path": "/nix/store/mmhpq6dhbhs5a3nwk4qw80varw8xzrwl-bash-5.2p26"
        },
        "x86_64-darwin": {
          "outputs": [
            {
              "name": "out",
              "path": "/nix/store/9vh7g0n7qm4n8ivf9i3niy2l20j8h5jn-bash-5.2p26",
              "default": true
            },
            {
              "name": "man",
              "path": "/nix/store/h4rjwxrpxj0chfbwyjgqy94byyscflcl-bash-5.2p26-man",
              "default": true
            },
            {
              "name": "dev",
              "path": "/nix/store/vcpprnw9bw5xkj9zgzm2jz43gnym39s3-bash-5.2p26-dev"
            },
            {
              "name": "doc",
              "path": "/nix/store/kl2xb4gidd1g6xllnf7knf863zdi1903-bash-5.2p26-doc"
            },
            {
              "name": "info",
              "path": "/nix/store/ddjdmg403zk4kzjdnyz7k2422jbdbv58-bash-5.2p26-info"
            }
          ],
          "store_path": "/nix/store/9vh7g0n7qm4n8ivf9i3niy2l20j8h5jn-bash-5.2p26"
        },
        "x86_64-linux": {
          "outputs": [
            {
              "name": "out",
              "path": "/nix/store/i1x9sidnvhhbbha2zhgpxkhpysw6ajmr-bash-5.2p26",
              "default": true
            },
            {
              "name": "man",
              "path": "/nix/store/qlzcfdbnrdj5w58c75jjvmr3f0cn77n5-bash-5.2p26-man",
              "default": true
            },
            {
              "name": "debug",
              "path": "/nix/store/mrvwrngw0nd50lh8y8dx1hjfmhrniswj-bash-5.2p26-debug"
            },
            {
              "name": "dev",
              "path": "/nix/store/g6gxz380l31kvnxiqb8ixrfixy4g7grv-bash-5.2p26-dev"
            },
            {
              "name": "doc",
              "path": "/nix/store/is6sw9nm8021qx84jibkv6w1jgf9qsic-bash-5.2p26-doc"
            },
            {
              "name": "info",
              "path": "/nix/store/qiajqdldk3nr95g9y3jfcxxcwh17arjh-bash-5.2p26-info"
            }
          ],
          "store_path": "/nix/store/i1x9sidnvhhbbha2zhgpxkhpysw6ajmr-bash-5.2p26"
        }
      }
    },
    "coreutils@9.4": {
      "last_modified": "2024-04-09T12:34:47Z",
      "resolved": "github:NixOS/nixpkgs/a76c4553d7e741e17f289224eda135423de0491d#coreutils",
      "source": "devbox-search",
      "version": "9.4",
      "systems": {
        "aarch64-darwin": {
          "outputs": [
            {
              "name": "out",
              "path": "/nix/store/x07qawlqzqac7mz7cq0k8q9fks6bkpgc-coreutils-9.4",
              "default": true
            },
            {
              "name": "info",
              "path": "/nix/store/2zn3l7wzxp0qp8f3jrd7jspaqgxp61sx-coreutils-9.4-info"
            }
          ],
          "store_path": "/nix/store/x07qawlqzqac7mz7cq0k8q9fks6bkpgc-coreutils-9.4"
        },
        "aarch64-linux": {
          "outputs": [
            {
              "name": "out",
              "path": "/nix/store/ask2ry8k4y0603g95rmcxq0mds2mjcq6-coreutils-9.4",
              "default": true
            },
            {
              "name": "info",
              "path": "/nix/store/wkspxg9shin785qdh4l6ckjdxv7flmbc-coreutils-9.4-info"
            },
            {
              "name": "debug",
              "path": "/nix/store/jdaxl6lv1z0wjyglfn1zq0qyi65dkh7n-coreutils-9.4-debug"
            }
          ],
          "store_path": "/nix/store/ask2ry8k4y0603g95rmcxq0mds2mjcq6-coreutils-9.4"
        },
        "x86_64-darwin": {
          "outputs": [
            {
              "name": "out",
              "path": "/nix/store/nadd5c14vbilp19dp7gjbprrg4lm52mb-coreutils-9.4",
              "default": true
            },
            {
              "name": "info",
              "path": "/nix/store/cdyvb78rxvpi03brh5fnnrbv5ypzmxf3-coreutils-9.4-info"
            }
          ],
          "store_path": "/nix/store/nadd5c14vbilp19dp7gjbprrg4lm52mb-coreutils-9.4"
        },
        "x86_64-linux": {
          "outputs": [
            {
              "name": "out",
              "path": "/nix/store/ifzwv2xqwdnv1gz87rxkizi67py5p3vj-coreutils-9.4",
              "default": true
            },
            {
              "name": "debug",
              "path": "/nix/store/66s67bqkbal20bfv3b9y8ask85qw3fjy-coreutils-9.4-debug"
            },
            {
              "name": "info",
              "path": "/nix/store/0lz1d3qfwxvnir25phf1r79jb4ljgq8c-coreutils-9.4-info"
            }
          ],
          "store_path": "/nix/store/ifzwv2xqwdnv1gz87rxkizi67py5p3vj-coreutils-9.4"
        }
      }
    },
    "git@2.47.2": {
      "last_modified": "2025-02-07T11:26:36Z",
      "resolved": "github:NixOS/nixpkgs/d98abf5cf5914e5e4e9d57205e3af55ca90ffc1d#git",
      "source": "devbox-search",
      "version": "2.47.2",
      "systems": {
        "aarch64-darwin": {
          "outputs": [
            {
              "name": "out",
              "path": "/nix/store/9z3jhc0rlj3zaw8nd1zka9vli6w0q11g-git-2.47.2",
              "default": true
            },
            {
              "name": "doc",
              "path": "/nix/store/rh151iwgy4h8yv8kxd5facw57cyj0bav-git-2.47.2-doc"
            }
          ],
          "store_path": "/nix/store/9z3jhc0rlj3zaw8nd1zka9vli6w0q11g-git-2.47.2"
        },
        "aarch64-linux": {
          "outputs": [
            {
              "name": "out",
              "path": "/nix/store/gx5y37qcfqdvn0h6swjd04dmqjjh3nk7-git-2.47.2",
              "default": true
            },
            {
              "name": "debug",
              "path": "/nix/store/8vfpmf3vjgzl2psip76p0f9h11sb6y3p-git-2.47.2-debug"
            },
            {
              "name": "doc",
              "path": "/nix/store/c25mq3q83dvw3k5pb0qr5333g3cycylq-git-2.47.2-doc"
            }
          ],
          "store_path": "/nix/store/gx5y37qcfqdvn0h6swjd04dmqjjh3nk7-git-2.47.2"
        },
        "x86_64-darwin": {
          "outputs": [
            {
              "name": "out",
              "path": "/nix/store/39xx5gx3hxigs1b5ldw5i2jr84vsn3rf-git-2.47.2",
              "default": true
            },
            {
              "name": "doc",
              "path": "/nix/store/xmh2djjrnbpiqqgpblrcbavnqh0nv4km-git-2.47.2-doc"
            }
          ],
          "store_path": "/nix/store/39xx5gx3hxigs1b5ldw5i2jr84vsn3rf-git-2.47.2"
        },
        "x86_64-linux": {
          "outputs": [
            {
              "name": "out",
              "path": "/nix/store/33g65w5cc9n8fr0hxj84282xmv4l7hyl-git-2.47.2",
              "default": true
            },
            {
              "name": "debug",
              "path": "/nix/store/jyz4nvcd3bci4vg2sfsmvrq0fp9mzr5a-git-2.47.2-debug"
            },
            {
              "name": "doc",
              "path": "/nix/store/lb4nipdhlwrxdavz7gdkcik6lkz3cbdm-git-2.47.2-doc"
            }
          ],
          "store_path": "/nix/store/33g65w5cc9n8fr0hxj84282xmv4l7hyl-git-2.47.2"
        }
      }
    },
    "nodejs@22.8.0": {
      "last_modified": "2024-09-10T15:01:03Z",
      "plugin_version": "0.0.2",
      "resolved": "github:NixOS/nixpkgs/5ed627539ac84809c78b2dd6d26a5cebeb5ae269#nodejs_22",
      "source": "devbox-search",
      "version": "22.8.0",
      "systems": {
        "aarch64-darwin": {
          "outputs": [
            {
              "name": "out",
              "path": "/nix/store/4r8kqr24z88m1xjbb1qf19p1mi6q35lp-nodejs-22.8.0",
              "default": true
            },
            {
              "name": "libv8",
              "path": "/nix/store/rqpibvqcpjxx26ls9kmdq1fr5yckss9l-nodejs-22.8.0-libv8"
            }
          ],
          "store_path": "/nix/store/4r8kqr24z88m1xjbb1qf19p1mi6q35lp-nodejs-22.8.0"
        },
        "aarch64-linux": {
          "outputs": [
            {
              "name": "out",
              "path": "/nix/store/1wzl2brm8p6sb5b3wsdnn02m56cq36d4-nodejs-22.8.0",
              "default": true
            },
            {
              "name": "libv8",
              "path": "/nix/store/4dwa28gc3w0gr672pcf3j4lfncymdqjf-nodejs-22.8.0-libv8"
            }
          ],
          "store_path": "/nix/store/1wzl2brm8p6sb5b3wsdnn02m56cq36d4-nodejs-22.8.0"
        },
        "x86_64-darwin": {
          "outputs": [
            {
              "name": "out",
              "path": "/nix/store/mcdq9d48r8c2j29zgr7i80vnjzwh2lc3-nodejs-22.8.0",
              "default": true
            },
            {
              "name": "libv8",
              "path": "/nix/store/16kfmgbsspjg1kpdvf9np5v2h371dh40-nodejs-22.8.0-libv8"
            }
          ],
          "store_path": "/nix/store/mcdq9d48r8c2j29zgr7i80vnjzwh2lc3-nodejs-22.8.0"
        },
        "x86_64-linux": {
          "outputs": [
            {
              "name": "out",
              "path": "/nix/store/xsrv93rg8vi05k9ig6v9mcvcyn01n6n2-nodejs-22.8.0",
              "default": true
            },
            {
              "name": "libv8",
              "path": "/nix/store/gp8fkyafy0anm5pgdcq2x3qs2fm8syhl-nodejs-22.8.0-libv8"
            }
          ],
          "store_path": "/nix/store/xsrv93rg8vi05k9ig6v9mcvcyn01n6n2-nodejs-22.8.0"
        }
      }
    }
  }
}
