{
  "lockfile_version": "1",
  "packages": {
    "adrs@0.2.9": {
      "last_modified": "2025-02-07T11:26:36Z",
      "resolved": "github:NixOS/nixpkgs/d98abf5cf5914e5e4e9d57205e3af55ca90ffc1d#adrs",
      "source": "devbox-search",
      "version": "0.2.9",
      "systems": {
        "aarch64-darwin": {
          "outputs": [
            {
              "name": "out",
              "path": "/nix/store/j2907ijj11q8b67akmvi0zwq806ymbx2-adrs-0.2.9",
              "default": true
            }
          ],
          "store_path": "/nix/store/j2907ijj11q8b67akmvi0zwq806ymbx2-adrs-0.2.9"
        },
        "aarch64-linux": {
          "outputs": [
            {
              "name": "out",
              "path": "/nix/store/l8xg8w3lpljkggbgyyc6bmfg4wvx2hfq-adrs-0.2.9",
              "default": true
            }
          ],
          "store_path": "/nix/store/l8xg8w3lpljkggbgyyc6bmfg4wvx2hfq-adrs-0.2.9"
        },
        "x86_64-darwin": {
          "outputs": [
            {
              "name": "out",
              "path": "/nix/store/3pyi1fbnvfxc1w7i01bk4ifmkqckgdg3-adrs-0.2.9",
              "default": true
            }
          ],
          "store_path": "/nix/store/3pyi1fbnvfxc1w7i01bk4ifmkqckgdg3-adrs-0.2.9"
        },
        "x86_64-linux": {
          "outputs": [
            {
              "name": "out",
              "path": "/nix/store/fj7fpamn8mrzvmrw250kxc6y81qpm67l-adrs-0.2.9",
              "default": true
            }
          ],
          "store_path": "/nix/store/fj7fpamn8mrzvmrw250kxc6y81qpm67l-adrs-0.2.9"
        }
      }
    },
    "bash@5.2p26": {
      "last_modified": "2024-08-13T00:39:45Z",
      "resolved": "github:NixOS/nixpkgs/60dfaff009e440faefbaeb20d8dda3239ba4a439#bash",
      "source": "devbox-search",
      "version": "5.2p26",
      "systems": {
        "aarch64-darwin": {
          "outputs": [
            {
              "name": "out",
              "path": "/nix/store/fyjay93q3dq2hx3dhx7zhr8kyjnkh9m8-bash-5.2p26",
              "default": true
            },
            {
              "name": "man",
              "path": "/nix/store/nyrqdarkxlm58a672kbcim70p3bgvm8c-bash-5.2p26-man",
              "default": true
            },
            {
              "name": "dev",
              "path": "/nix/store/3zv5d18sigiq4c9qrf8yf7phmhsbglcr-bash-5.2p26-dev"
            },
            {
              "name": "doc",
              "path": "/nix/store/p0mg8vfrf8s5kwsni4sb7vafccy64454-bash-5.2p26-doc"
            },
            {
              "name": "info",
              "path": "/nix/store/sy4pv74r5g2hl8yxsq7prh9g932986zf-bash-5.2p26-info"
            }
          ],
          "store_path": "/nix/store/fyjay93q3dq2hx3dhx7zhr8kyjnkh9m8-bash-5.2p26"
        },
        "aarch64-linux": {
          "outputs": [
            {
              "name": "out",
              "path": "/nix/store/mmhpq6dhbhs5a3nwk4qw80varw8xzrwl-bash-5.2p26",
              "default": true
            },
            {
              "name": "man",
              "path": "/nix/store/yp62aqppsd5asmkcdy4nqki7r21lr3l4-bash-5.2p26-man",
              "default": true
            },
            {
              "name": "debug",
              "path": "/nix/store/s395y9p0mf64p1lb2q2vj6ryhsidcfwc-bash-5.2p26-debug"
            },
            {
              "name": "dev",
              "path": "/nix/store/xkfnwsm1mvlwfh9lsh6akzyxicv1f2l3-bash-5.2p26-dev"
            },
            {
              "name": "doc",
              "path": "/nix/store/jzlkkr97a3h5fvckmx9sv5dsinyr5yli-bash-5.2p26-doc"
            },
            {
              "name": "info",
              "path": "/nix/store/s3sghxc44l57gian9dkg1mlk6gz16d4s-bash-5.2p26-info"
            }
          ],
          "store_path": "/nix/store/mmhpq6dhbhs5a3nwk4qw80varw8xzrwl-bash-5.2p26"
        },
        "x86_64-darwin": {
          "outputs": [
            {
              "name": "out",
              "path": "/nix/store/9vh7g0n7qm4n8ivf9i3niy2l20j8h5jn-bash-5.2p26",
              "default": true
            },
            {
              "name": "man",
              "path": "/nix/store/h4rjwxrpxj0chfbwyjgqy94byyscflcl-bash-5.2p26-man",
              "default": true
            },
            {
              "name": "dev",
              "path": "/nix/store/vcpprnw9bw5xkj9zgzm2jz43gnym39s3-bash-5.2p26-dev"
            },
            {
              "name": "doc",
              "path": "/nix/store/kl2xb4gidd1g6xllnf7knf863zdi1903-bash-5.2p26-doc"
            },
            {
              "name": "info",
              "path": "/nix/store/ddjdmg403zk4kzjdnyz7k2422jbdbv58-bash-5.2p26-info"
            }
          ],
          "store_path": "/nix/store/9vh7g0n7qm4n8ivf9i3niy2l20j8h5jn-bash-5.2p26"
        },
        "x86_64-linux": {
          "outputs": [
            {
              "name": "out",
              "path": "/nix/store/i1x9sidnvhhbbha2zhgpxkhpysw6ajmr-bash-5.2p26",
              "default": true
            },
            {
              "name": "man",
              "path": "/nix/store/qlzcfdbnrdj5w58c75jjvmr3f0cn77n5-bash-5.2p26-man",
              "default": true
            },
            {
              "name": "debug",
              "path": "/nix/store/mrvwrngw0nd50lh8y8dx1hjfmhrniswj-bash-5.2p26-debug"
            },
            {
              "name": "dev",
              "path": "/nix/store/g6gxz380l31kvnxiqb8ixrfixy4g7grv-bash-5.2p26-dev"
            },
            {
              "name": "doc",
              "path": "/nix/store/is6sw9nm8021qx84jibkv6w1jgf9qsic-bash-5.2p26-doc"
            },
            {
              "name": "info",
              "path": "/nix/store/qiajqdldk3nr95g9y3jfcxxcwh17arjh-bash-5.2p26-info"
            }
          ],
          "store_path": "/nix/store/i1x9sidnvhhbbha2zhgpxkhpysw6ajmr-bash-5.2p26"
        }
      }
    },
    "coreutils@9.4": {
      "last_modified": "2024-04-09T12:34:47Z",
      "resolved": "github:NixOS/nixpkgs/a76c4553d7e741e17f289224eda135423de0491d#coreutils",
      "source": "devbox-search",
      "version": "9.4",
      "systems": {
        "aarch64-darwin": {
          "outputs": [
            {
              "name": "out",
              "path": "/nix/store/x07qawlqzqac7mz7cq0k8q9fks6bkpgc-coreutils-9.4",
              "default": true
            },
            {
              "name": "info",
              "path": "/nix/store/2zn3l7wzxp0qp8f3jrd7jspaqgxp61sx-coreutils-9.4-info"
            }
          ],
          "store_path": "/nix/store/x07qawlqzqac7mz7cq0k8q9fks6bkpgc-coreutils-9.4"
        },
        "aarch64-linux": {
          "outputs": [
            {
              "name": "out",
              "path": "/nix/store/ask2ry8k4y0603g95rmcxq0mds2mjcq6-coreutils-9.4",
              "default": true
            },
            {
              "name": "info",
              "path": "/nix/store/wkspxg9shin785qdh4l6ckjdxv7flmbc-coreutils-9.4-info"
            },
            {
              "name": "debug",
              "path": "/nix/store/jdaxl6lv1z0wjyglfn1zq0qyi65dkh7n-coreutils-9.4-debug"
            }
          ],
          "store_path": "/nix/store/ask2ry8k4y0603g95rmcxq0mds2mjcq6-coreutils-9.4"
        },
        "x86_64-darwin": {
          "outputs": [
            {
              "name": "out",
              "path": "/nix/store/nadd5c14vbilp19dp7gjbprrg4lm52mb-coreutils-9.4",
              "default": true
            },
            {
              "name": "info",
              "path": "/nix/store/cdyvb78rxvpi03brh5fnnrbv5ypzmxf3-coreutils-9.4-info"
            }
          ],
          "store_path": "/nix/store/nadd5c14vbilp19dp7gjbprrg4lm52mb-coreutils-9.4"
        },
        "x86_64-linux": {
          "outputs": [
            {
              "name": "out",
              "path": "/nix/store/ifzwv2xqwdnv1gz87rxkizi67py5p3vj-coreutils-9.4",
              "default": true
            },
            {
              "name": "debug",
              "path": "/nix/store/66s67bqkbal20bfv3b9y8ask85qw3fjy-coreutils-9.4-debug"
            },
            {
              "name": "info",
              "path": "/nix/store/0lz1d3qfwxvnir25phf1r79jb4ljgq8c-coreutils-9.4-info"
            }
          ],
          "store_path": "/nix/store/ifzwv2xqwdnv1gz87rxkizi67py5p3vj-coreutils-9.4"
        }
      }
    },
    "git@2.48.1": {
      "last_modified": "2025-03-01T01:09:10Z",
      "resolved": "github:NixOS/nixpkgs/199169a2135e6b864a888e89a2ace345703c025d#git",
      "source": "devbox-search",
      "version": "2.48.1",
      "systems": {
        "aarch64-darwin": {
          "outputs": [
            {
              "name": "out",
              "path": "/nix/store/48bd3kx9xl36ixnzax9chik2y2l7lx9m-git-2.48.1",
              "default": true
            },
            {
              "name": "doc",
              "path": "/nix/store/7clrn7z9dxxl1n9hy2vy5nrk58mrb258-git-2.48.1-doc"
            }
          ],
          "store_path": "/nix/store/48bd3kx9xl36ixnzax9chik2y2l7lx9m-git-2.48.1"
        },
        "aarch64-linux": {
          "outputs": [
            {
              "name": "out",
              "path": "/nix/store/4rfdh67qx08marb8kwl8pk98pkwl8kiv-git-2.48.1",
              "default": true
            },
            {
              "name": "debug",
              "path": "/nix/store/yf283fv2zlaaaszdcfazbz1rg6d6f18q-git-2.48.1-debug"
            },
            {
              "name": "doc",
              "path": "/nix/store/c9hzqmbywb0basggdaylpc0j3r8j0dxs-git-2.48.1-doc"
            }
          ],
          "store_path": "/nix/store/4rfdh67qx08marb8kwl8pk98pkwl8kiv-git-2.48.1"
        },
        "x86_64-darwin": {
          "outputs": [
            {
              "name": "out",
              "path": "/nix/store/siawz69ch5kb1k1vaak8gbm6w5zmkbz6-git-2.48.1",
              "default": true
            },
            {
              "name": "doc",
              "path": "/nix/store/50346pq535sxngx9r0q1rf1bh0v01pyv-git-2.48.1-doc"
            }
          ],
          "store_path": "/nix/store/siawz69ch5kb1k1vaak8gbm6w5zmkbz6-git-2.48.1"
        },
        "x86_64-linux": {
          "outputs": [
            {
              "name": "out",
              "path": "/nix/store/nj1na0qwqhpd128vr71p70hz9jyhnz5x-git-2.48.1",
              "default": true
            },
            {
              "name": "doc",
              "path": "/nix/store/2g2q2z1rkc9lgy1ib2a5cgl9mrzhqbla-git-2.48.1-doc"
            },
            {
              "name": "debug",
              "path": "/nix/store/7gz9ywl4jw0clbbghaii5xgdivxsdgk3-git-2.48.1-debug"
            }
          ],
          "store_path": "/nix/store/nj1na0qwqhpd128vr71p70hz9jyhnz5x-git-2.48.1"
        }
      }
    },
    "github:NixOS/nixpkgs/nixpkgs-unstable": {
      "resolved": "github:NixOS/nixpkgs/f0204ef4baa3b6317dee1c84ddeffbd293638836?lastModified=1739742245&narHash=sha256-oAgAV4fLWMIPqsEyZVVdk7c0SUdDOV1E7Epq0EIUQs4%3D"
    },
    "nodejs@23.10.0": {
      "last_modified": "2025-03-16T16:17:41Z",
      "plugin_version": "0.0.2",
      "resolved": "github:NixOS/nixpkgs/8f76cf16b17c51ae0cc8e55488069593f6dab645#nodejs_23",
      "source": "devbox-search",
      "version": "23.10.0",
      "systems": {
        "aarch64-darwin": {
          "outputs": [
            {
              "name": "out",
              "path": "/nix/store/yph39j7h2a593qmfrnqd4ajpapr4z01z-nodejs-23.10.0",
              "default": true
            },
            {
              "name": "libv8",
              "path": "/nix/store/vfnby8fg48rmsndmq9c03kr452i4scgq-nodejs-23.10.0-libv8"
            }
          ],
          "store_path": "/nix/store/yph39j7h2a593qmfrnqd4ajpapr4z01z-nodejs-23.10.0"
        },
        "aarch64-linux": {
          "outputs": [
            {
              "name": "out",
              "path": "/nix/store/1kyg749m82ay2j4kkhaqlr4cp56i5h4h-nodejs-23.10.0",
              "default": true
            },
            {
              "name": "libv8",
              "path": "/nix/store/0pfi6zsdlri5p8dyvgna336kw2hb1cwg-nodejs-23.10.0-libv8"
            }
          ],
          "store_path": "/nix/store/1kyg749m82ay2j4kkhaqlr4cp56i5h4h-nodejs-23.10.0"
        },
        "x86_64-darwin": {
          "outputs": [
            {
              "name": "out",
              "path": "/nix/store/nj0d1lc4nanqj7v4ibcgd26m3p5yfb0h-nodejs-23.10.0",
              "default": true
            },
            {
              "name": "libv8",
              "path": "/nix/store/k5rvmvqyibamfxa7cfzjfd5ldmi38kf3-nodejs-23.10.0-libv8"
            }
          ],
          "store_path": "/nix/store/nj0d1lc4nanqj7v4ibcgd26m3p5yfb0h-nodejs-23.10.0"
        },
        "x86_64-linux": {
          "outputs": [
            {
              "name": "out",
              "path": "/nix/store/m7imcmwi4hschl257dzc33gxciqlf4bm-nodejs-23.10.0",
              "default": true
            },
            {
              "name": "libv8",
              "path": "/nix/store/wy7ysxmd2ygdc5zpbhf9ripwgvvvnwsd-nodejs-23.10.0-libv8"
            }
          ],
          "store_path": "/nix/store/m7imcmwi4hschl257dzc33gxciqlf4bm-nodejs-23.10.0"
        }
      }
    }
  }
}
