{
  "lockfile_version": "1",
  "packages": {
    "adrs@0.3.0": {
      "last_modified": "2025-03-19T06:05:51Z",
      "resolved": "github:NixOS/nixpkgs/44e422ba8ed1bdec9620b0733601669972f91170#adrs",
      "source": "devbox-search",
      "version": "0.3.0",
      "systems": {
        "aarch64-darwin": {
          "outputs": [
            {
              "name": "out",
              "path": "/nix/store/r1yk3i5d4sksawz5v81nj42l1gzj0fgg-adrs-0.3.0",
              "default": true
            }
          ],
          "store_path": "/nix/store/r1yk3i5d4sksawz5v81nj42l1gzj0fgg-adrs-0.3.0"
        },
        "aarch64-linux": {
          "outputs": [
            {
              "name": "out",
              "path": "/nix/store/x7l3dsdb86bbyzcakgjmmrcgcic552pm-adrs-0.3.0",
              "default": true
            }
          ],
          "store_path": "/nix/store/x7l3dsdb86bbyzcakgjmmrcgcic552pm-adrs-0.3.0"
        },
        "x86_64-darwin": {
          "outputs": [
            {
              "name": "out",
              "path": "/nix/store/7ycrk67nhnl8kfkc5nl5hm63xx9zaiaw-adrs-0.3.0",
              "default": true
            }
          ],
          "store_path": "/nix/store/7ycrk67nhnl8kfkc5nl5hm63xx9zaiaw-adrs-0.3.0"
        },
        "x86_64-linux": {
          "outputs": [
            {
              "name": "out",
              "path": "/nix/store/y3hd711bis641bgmmb7sfn0rcqg8hfgf-adrs-0.3.0",
              "default": true
            }
          ],
          "store_path": "/nix/store/y3hd711bis641bgmmb7sfn0rcqg8hfgf-adrs-0.3.0"
        }
      }
    },
    "bash@5.2p26": {
      "last_modified": "2024-08-13T00:39:45Z",
      "resolved": "github:NixOS/nixpkgs/60dfaff009e440faefbaeb20d8dda3239ba4a439#bash",
      "source": "devbox-search",
      "version": "5.2p26",
      "systems": {
        "aarch64-darwin": {
          "outputs": [
            {
              "name": "out",
              "path": "/nix/store/fyjay93q3dq2hx3dhx7zhr8kyjnkh9m8-bash-5.2p26",
              "default": true
            },
            {
              "name": "man",
              "path": "/nix/store/nyrqdarkxlm58a672kbcim70p3bgvm8c-bash-5.2p26-man",
              "default": true
            },
            {
              "name": "dev",
              "path": "/nix/store/3zv5d18sigiq4c9qrf8yf7phmhsbglcr-bash-5.2p26-dev"
            },
            {
              "name": "doc",
              "path": "/nix/store/p0mg8vfrf8s5kwsni4sb7vafccy64454-bash-5.2p26-doc"
            },
            {
              "name": "info",
              "path": "/nix/store/sy4pv74r5g2hl8yxsq7prh9g932986zf-bash-5.2p26-info"
            }
          ],
          "store_path": "/nix/store/fyjay93q3dq2hx3dhx7zhr8kyjnkh9m8-bash-5.2p26"
        },
        "aarch64-linux": {
          "outputs": [
            {
              "name": "out",
              "path": "/nix/store/mmhpq6dhbhs5a3nwk4qw80varw8xzrwl-bash-5.2p26",
              "default": true
            },
            {
              "name": "man",
              "path": "/nix/store/yp62aqppsd5asmkcdy4nqki7r21lr3l4-bash-5.2p26-man",
              "default": true
            },
            {
              "name": "debug",
              "path": "/nix/store/s395y9p0mf64p1lb2q2vj6ryhsidcfwc-bash-5.2p26-debug"
            },
            {
              "name": "dev",
              "path": "/nix/store/xkfnwsm1mvlwfh9lsh6akzyxicv1f2l3-bash-5.2p26-dev"
            },
            {
              "name": "doc",
              "path": "/nix/store/jzlkkr97a3h5fvckmx9sv5dsinyr5yli-bash-5.2p26-doc"
            },
            {
              "name": "info",
              "path": "/nix/store/s3sghxc44l57gian9dkg1mlk6gz16d4s-bash-5.2p26-info"
            }
          ],
          "store_path": "/nix/store/mmhpq6dhbhs5a3nwk4qw80varw8xzrwl-bash-5.2p26"
        },
        "x86_64-darwin": {
          "outputs": [
            {
              "name": "out",
              "path": "/nix/store/9vh7g0n7qm4n8ivf9i3niy2l20j8h5jn-bash-5.2p26",
              "default": true
            },
            {
              "name": "man",
              "path": "/nix/store/h4rjwxrpxj0chfbwyjgqy94byyscflcl-bash-5.2p26-man",
              "default": true
            },
            {
              "name": "dev",
              "path": "/nix/store/vcpprnw9bw5xkj9zgzm2jz43gnym39s3-bash-5.2p26-dev"
            },
            {
              "name": "doc",
              "path": "/nix/store/kl2xb4gidd1g6xllnf7knf863zdi1903-bash-5.2p26-doc"
            },
            {
              "name": "info",
              "path": "/nix/store/ddjdmg403zk4kzjdnyz7k2422jbdbv58-bash-5.2p26-info"
            }
          ],
          "store_path": "/nix/store/9vh7g0n7qm4n8ivf9i3niy2l20j8h5jn-bash-5.2p26"
        },
        "x86_64-linux": {
          "outputs": [
            {
              "name": "out",
              "path": "/nix/store/i1x9sidnvhhbbha2zhgpxkhpysw6ajmr-bash-5.2p26",
              "default": true
            },
            {
              "name": "man",
              "path": "/nix/store/qlzcfdbnrdj5w58c75jjvmr3f0cn77n5-bash-5.2p26-man",
              "default": true
            },
            {
              "name": "debug",
              "path": "/nix/store/mrvwrngw0nd50lh8y8dx1hjfmhrniswj-bash-5.2p26-debug"
            },
            {
              "name": "dev",
              "path": "/nix/store/g6gxz380l31kvnxiqb8ixrfixy4g7grv-bash-5.2p26-dev"
            },
            {
              "name": "doc",
              "path": "/nix/store/is6sw9nm8021qx84jibkv6w1jgf9qsic-bash-5.2p26-doc"
            },
            {
              "name": "info",
              "path": "/nix/store/qiajqdldk3nr95g9y3jfcxxcwh17arjh-bash-5.2p26-info"
            }
          ],
          "store_path": "/nix/store/i1x9sidnvhhbbha2zhgpxkhpysw6ajmr-bash-5.2p26"
        }
      }
    },
    "coreutils@9.4": {
      "last_modified": "2024-04-09T12:34:47Z",
      "resolved": "github:NixOS/nixpkgs/a76c4553d7e741e17f289224eda135423de0491d#coreutils",
      "source": "devbox-search",
      "version": "9.4",
      "systems": {
        "aarch64-darwin": {
          "outputs": [
            {
              "name": "out",
              "path": "/nix/store/x07qawlqzqac7mz7cq0k8q9fks6bkpgc-coreutils-9.4",
              "default": true
            },
            {
              "name": "info",
              "path": "/nix/store/2zn3l7wzxp0qp8f3jrd7jspaqgxp61sx-coreutils-9.4-info"
            }
          ],
          "store_path": "/nix/store/x07qawlqzqac7mz7cq0k8q9fks6bkpgc-coreutils-9.4"
        },
        "aarch64-linux": {
          "outputs": [
            {
              "name": "out",
              "path": "/nix/store/ask2ry8k4y0603g95rmcxq0mds2mjcq6-coreutils-9.4",
              "default": true
            },
            {
              "name": "info",
              "path": "/nix/store/wkspxg9shin785qdh4l6ckjdxv7flmbc-coreutils-9.4-info"
            },
            {
              "name": "debug",
              "path": "/nix/store/jdaxl6lv1z0wjyglfn1zq0qyi65dkh7n-coreutils-9.4-debug"
            }
          ],
          "store_path": "/nix/store/ask2ry8k4y0603g95rmcxq0mds2mjcq6-coreutils-9.4"
        },
        "x86_64-darwin": {
          "outputs": [
            {
              "name": "out",
              "path": "/nix/store/nadd5c14vbilp19dp7gjbprrg4lm52mb-coreutils-9.4",
              "default": true
            },
            {
              "name": "info",
              "path": "/nix/store/cdyvb78rxvpi03brh5fnnrbv5ypzmxf3-coreutils-9.4-info"
            }
          ],
          "store_path": "/nix/store/nadd5c14vbilp19dp7gjbprrg4lm52mb-coreutils-9.4"
        },
        "x86_64-linux": {
          "outputs": [
            {
              "name": "out",
              "path": "/nix/store/ifzwv2xqwdnv1gz87rxkizi67py5p3vj-coreutils-9.4",
              "default": true
            },
            {
              "name": "debug",
              "path": "/nix/store/66s67bqkbal20bfv3b9y8ask85qw3fjy-coreutils-9.4-debug"
            },
            {
              "name": "info",
              "path": "/nix/store/0lz1d3qfwxvnir25phf1r79jb4ljgq8c-coreutils-9.4-info"
            }
          ],
          "store_path": "/nix/store/ifzwv2xqwdnv1gz87rxkizi67py5p3vj-coreutils-9.4"
        }
      }
    },
    "git@2.52.0": {
      "last_modified": "2026-01-01T04:40:00Z",
      "resolved": "github:NixOS/nixpkgs/c04833a1e584401bb63c1a63ddc51a71e6aa457a#git",
      "source": "devbox-search",
      "version": "2.52.0",
      "systems": {
        "aarch64-darwin": {
          "outputs": [
            {
              "name": "out",
              "path": "/nix/store/1xy62wrp3m91snd3cazxgg0yrplb6sav-git-2.52.0",
              "default": true
            },
            {
              "name": "doc",
              "path": "/nix/store/1518yqnr4z0p65jfv8skw2qwc30ad5la-git-2.52.0-doc"
            }
          ],
          "store_path": "/nix/store/1xy62wrp3m91snd3cazxgg0yrplb6sav-git-2.52.0"
        },
        "aarch64-linux": {
          "outputs": [
            {
              "name": "out",
              "path": "/nix/store/mfbr42w740arf759n51nhki221lang5z-git-2.52.0",
              "default": true
            },
            {
              "name": "doc",
              "path": "/nix/store/lm1plgvh8qlv0amm8wiz8l00ky298hws-git-2.52.0-doc"
            },
            {
              "name": "debug",
              "path": "/nix/store/q0lq2fczq1y9q9028k4ripf38mfy3n42-git-2.52.0-debug"
            }
          ],
          "store_path": "/nix/store/mfbr42w740arf759n51nhki221lang5z-git-2.52.0"
        },
        "x86_64-darwin": {
          "outputs": [
            {
              "name": "out",
              "path": "/nix/store/0lxp1s4hb0xb0di1a5jg08rr8hk0cvz8-git-2.52.0",
              "default": true
            },
            {
              "name": "doc",
              "path": "/nix/store/a9903b6q3clvx61l8drkpr262fb5qmik-git-2.52.0-doc"
            }
          ],
          "store_path": "/nix/store/0lxp1s4hb0xb0di1a5jg08rr8hk0cvz8-git-2.52.0"
        },
        "x86_64-linux": {
          "outputs": [
            {
              "name": "out",
              "path": "/nix/store/fryiyyhhilpqhx2wc4b6l5gnxc8w18rg-git-2.52.0",
              "default": true
            },
            {
              "name": "debug",
              "path": "/nix/store/q6m51s4q8kddlh9b9rb63v1yqvlv3xgp-git-2.52.0-debug"
            },
            {
              "name": "doc",
              "path": "/nix/store/n4zq81winwf8d5y2ra7fjznwl6cnhggz-git-2.52.0-doc"
            }
          ],
          "store_path": "/nix/store/fryiyyhhilpqhx2wc4b6l5gnxc8w18rg-git-2.52.0"
        }
      }
    },
    "github:NixOS/nixpkgs/nixpkgs-unstable": {
      "resolved": "github:NixOS/nixpkgs/f0204ef4baa3b6317dee1c84ddeffbd293638836?lastModified=1739742245&narHash=sha256-oAgAV4fLWMIPqsEyZVVdk7c0SUdDOV1E7Epq0EIUQs4%3D"
    },
    "nodejs@25.3.0": {
      "last_modified": "2026-01-14T12:51:35Z",
      "plugin_version": "0.0.2",
      "resolved": "github:NixOS/nixpkgs/13868c071cc73a5e9f610c47d7bb08e5da64fdd5#nodejs_25",
      "source": "devbox-search",
      "version": "25.3.0",
      "systems": {
        "aarch64-darwin": {
          "outputs": [
            {
              "name": "out",
              "path": "/nix/store/k6m3ycx0d199wj6k25w0v464ylq4rxq7-nodejs-25.3.0",
              "default": true
            },
            {
              "name": "dev",
              "path": "/nix/store/nzgf44hn9zr0fzg3l3n1adisrrs4ajmv-nodejs-25.3.0-dev"
            },
            {
              "name": "libv8",
              "path": "/nix/store/71gkz93f07cczgilyxpc8kvrbfj30h6w-nodejs-25.3.0-libv8"
            }
          ],
          "store_path": "/nix/store/k6m3ycx0d199wj6k25w0v464ylq4rxq7-nodejs-25.3.0"
        },
        "aarch64-linux": {
          "outputs": [
            {
              "name": "out",
              "path": "/nix/store/dmqgxh2hgbxygqc86kg1s14032hvq9nz-nodejs-25.3.0",
              "default": true
            },
            {
              "name": "dev",
              "path": "/nix/store/kdgcbcb8yh3pa4cbbr4cv8k9c8d3zfjw-nodejs-25.3.0-dev"
            },
            {
              "name": "libv8",
              "path": "/nix/store/pmscxpbp2bpy3fqhl0kgnlvm6hbjvpj5-nodejs-25.3.0-libv8"
            }
          ],
          "store_path": "/nix/store/dmqgxh2hgbxygqc86kg1s14032hvq9nz-nodejs-25.3.0"
        },
        "x86_64-darwin": {
          "outputs": [
            {
              "name": "out",
              "path": "/nix/store/5wjyfay85d8qnxh61phfvan2wzcnihpn-nodejs-25.3.0",
              "default": true
            },
            {
              "name": "dev",
              "path": "/nix/store/h51crf2a9a01ixck84kach1h3fp924pa-nodejs-25.3.0-dev"
            },
            {
              "name": "libv8",
              "path": "/nix/store/h2r78kcgxkp7absbyzlsnjw99ljckjxh-nodejs-25.3.0-libv8"
            }
          ],
          "store_path": "/nix/store/5wjyfay85d8qnxh61phfvan2wzcnihpn-nodejs-25.3.0"
        },
        "x86_64-linux": {
          "outputs": [
            {
              "name": "out",
              "path": "/nix/store/mnidlfk3ld1n0dll0zdd4mhzbq9phn9n-nodejs-25.3.0",
              "default": true
            },
            {
              "name": "dev",
              "path": "/nix/store/hj75q4m68bh0hf4vgvfj2qdi9gnszw08-nodejs-25.3.0-dev"
            },
            {
              "name": "libv8",
              "path": "/nix/store/icqs2k7jmm6bnykpgyjk3bng65hxs8rq-nodejs-25.3.0-libv8"
            }
          ],
          "store_path": "/nix/store/mnidlfk3ld1n0dll0zdd4mhzbq9phn9n-nodejs-25.3.0"
        }
      }
    }
  }
}
